
Microsoft Visual Studio Solution File, Format Version 12.00
# Visual Studio Version 17
VisualStudioVersion = 17.8.34511.84
MinimumVisualStudioVersion = 10.0.40219.1
Project("{FAE04EC0-301F-11D3-BF4B-00C04F79EFBC}") = "BytoveDruzstvo319", "BytoveDruzstvo319.csproj", "{4C227B15-730F-47BB-8EF2-B8B81A0094F6}"
EndProject
Global
	GlobalSection(SolutionConfigurationPlatforms) = preSolution
		Debug|Any CPU = Debug|Any CPU
		Release|Any CPU = Release|Any CPU
	EndGlobalSection
	GlobalSection(ProjectConfigurationPlatforms) = postSolution
		{4C227B15-730F-47BB-8EF2-B8B81A0094F6}.Debug|Any CPU.ActiveCfg = Debug|Any CPU
		{4C227B15-730F-47BB-8EF2-B8B81A0094F6}.Debug|Any CPU.Build.0 = Debug|Any CPU
		{4C227B15-730F-47BB-8EF2-B8B81A0094F6}.Release|Any CPU.ActiveCfg = Release|Any CPU
		{4C227B15-730F-47BB-8EF2-B8B81A0094F6}.Release|Any CPU.Build.0 = Release|Any CPU
	EndGlobalSection
	GlobalSection(SolutionProperties) = preSolution
		HideSolutionNode = FALSE
	EndGlobalSection
	GlobalSection(ExtensibilityGlobals) = postSolution
		SolutionGuid = {F6CBB9E6-6914-4D40-AA9B-F3825260F564}
	EndGlobalSection
EndGlobal
